{
  "name": "bpcgit-opa-tests",
  "lockfileVersion": 3,
  "requires": true,
  "packages": {
    "": {
      "name": "bpcgit-opa-tests",
      "devDependencies": {
        "@openui5/sap.m": "1.52.48",
        "@openui5/sap.ui.core": "1.52.48",
        "@openui5/sap.ui.layout": "1.52.48",
        "@openui5/sap.ui.unified": "1.52.48",
        "@openui5/themelib_sap_belize": "1.52.48",
        "less-openui5": "0.12.0"
      }
    },
    "node_modules/@adobe/css-tools": {
      "version": "4.5.0",
      "resolved": "https://registry.npmjs.org/@adobe/css-tools/-/css-tools-4.5.0.tgz",
      "integrity": "sha512-6OzddxPio9UiWTCemp4N8cYLV2ZN1ncRnV1cVGtve7dhPOtRkleRyx32GQCYSwDYgaHU3USMm84tNsvKzRCa1Q==",
      "dev": true,
      "license": "MIT"
    },
    "node_modules/@openui5/sap.m": {
      "version": "1.52.48",
      "resolved": "https://registry.npmjs.org/@openui5/sap.m/-/sap.m-1.52.48.tgz",
      "integrity": "sha512-kQY7ly0Xj6rFOLro4UYCfQoLwDoMDMYgoAR5w+250vNZbjqO+bUFGGCUtd2EfCX/kKo2wunoMSQcg+Whm1VkSA==",
      "dev": true,
      "license": "Apache-2.0",
      "dependencies": {
        "@openui5/sap.ui.core": "1.52.48",
        "@openui5/sap.ui.unified": "1.52.48"
      }
    },
    "node_modules/@openui5/sap.ui.core": {
      "version": "1.52.48",
      "resolved": "https://registry.npmjs.org/@openui5/sap.ui.core/-/sap.ui.core-1.52.48.tgz",
      "integrity": "sha512-ZILHR7iiJ7iD0mRqWL/2Hi/PnR8mGOzYrc4wZl6XvMqfMntGgkEwOI3CpTQiP3IwweVJOGxPS7Avf317a3NQVw==",
      "dev": true,
      "license": "Apache-2.0"
    },
    "node_modules/@openui5/sap.ui.layout": {
      "version": "1.52.48",
      "resolved": "https://registry.npmjs.org/@openui5/sap.ui.layout/-/sap.ui.layout-1.52.48.tgz",
      "integrity": "sha512-CHoEwGan+k0CZlfP8AiXFoPjRFuw1BwlK3Ck121A2tXvnbNX3YafzOeR/EfobPlIsJq3/C4yrSK6J43VmBVnpQ==",
      "dev": true,
      "license": "Apache-2.0",
      "dependencies": {
        "@openui5/sap.ui.core": "1.52.48"
      }
    },
    "node_modules/@openui5/sap.ui.unified": {
      "version": "1.52.48",
      "resolved": "https://registry.npmjs.org/@openui5/sap.ui.unified/-/sap.ui.unified-1.52.48.tgz",
      "integrity": "sha512-YVP61uD08M1gULZzyKNDBuE7xevLmpYZIiK5En3kOBuGgmius3NEtS27XLsssybONCWFXdOh8w0IDjXPNcxC0A==",
      "dev": true,
      "license": "Apache-2.0",
      "dependencies": {
        "@openui5/sap.ui.core": "1.52.48"
      }
    },
    "node_modules/@openui5/themelib_sap_belize": {
      "version": "1.52.48",
      "resolved": "https://registry.npmjs.org/@openui5/themelib_sap_belize/-/themelib_sap_belize-1.52.48.tgz",
      "integrity": "sha512-tlTxUHWnTVFHLdicBI3NQQJ4zsliHqKGGt4cVZ69XgrtJ8J26T48+Is2dJrSW1F/aiUfSHlUGGByw1KeNaBKTg==",
      "dev": true,
      "license": "Apache-2.0"
    },
    "node_modules/less-openui5": {
      "version": "0.12.0",
      "resolved": "https://registry.npmjs.org/less-openui5/-/less-openui5-0.12.0.tgz",
      "integrity": "sha512-7CvQYmuODBCWAh9RBKevdx2+aNIjVPaWpS/XxPfxe8hJNvOY5IcXdTchFahwhVmILzPMOqZDKykGQr5GMq6iJg==",
      "dev": true,
      "license": "Apache-2.0",
      "dependencies": {
        "@adobe/css-tools": "^4.5.0",
        "mime": "^1.6.0"
      },
      "engines": {
        "node": "^20.11.0 || >=22.0.0",
        "npm": ">= 8"
      }
    },
    "node_modules/mime": {
      "version": "1.6.0",
      "resolved": "https://registry.npmjs.org/mime/-/mime-1.6.0.tgz",
      "integrity": "sha512-x0Vn8spI+wuJ1O6S7gnbaQg8Pxh4NNHb7KSINmEWKiPE4RKOplvijn+NkmYmmRgP68mc70j2EbeTFRsrswaQeg==",
      "dev": true,
      "license": "MIT",
      "bin": {
        "mime": "cli.js"
      },
      "engines": {
        "node": ">=4"
      }
    }
  }
}
